github.com/BrandonIrizarry/goptparse v1.0.0 h1:D/Cr0fiBh7vWB/rpsMV5iMp/urQvgnV9GdJe73lrxSI=
github.com/BrandonIrizarry/goptparse v1.0.0/go.mod h1:YpWK46WDY/zlurz8qk8mIRLa90MMS5QNfqAHxTyh+LU=
github.com/joho/godotenv v1.5.1 h1:7eLL/+HRGLY0ldzfGMeQkb7vMd0as4CfYvUVzLqw0N0=
github.com/joho/godotenv v1.5.1/go.mod h1:f4LDr5Voq0i2e/R5DDNOoa2zzDfwtkZa6DnEwAbqwq4=
github.com/mattn/go-sqlite3 v1.14.28 h1:ThEiQrnbtumT+QMknw63Befp/ce/nUPgBPMlRFEum7A=
github.com/mattn/go-sqlite3 v1.14.28/go.mod h1:Uh1q+B4BYcTPb+yiD3kU8Ct7aC0hY9fxUwlHK0RXw+Y=
nullprogram.com/x/optparse v1.0.0 h1:xGFgVi5ZaWOnYdac2foDT3vg0ZZC9ErXFV57mr4OHrI=
nullprogram.com/x/optparse v1.0.0/go.mod h1:KdyPE+Igbe0jQUrVfMqDMeJQIJZEuyV7pjYmp6pbG50=
